# This is a Gradle generated file for dependency locking.
# Manual edits can break the build and are not advised.
# This file is expected to be part of source control.
androidx.activity:activity-compose:1.7.1=benchmarkReleaseTestedApks,nonMinifiedReleaseTestedApks
androidx.activity:activity-ktx:1.7.1=benchmarkReleaseTestedApks,nonMinifiedReleaseTestedApks
androidx.activity:activity:1.7.1=benchmarkReleaseTestedApks,nonMinifiedReleaseTestedApks
androidx.annotation:annotation-experimental:1.1.0=implementationDependenciesMetadata
androidx.annotation:annotation-experimental:1.3.0=benchmarkReleaseCompileClasspath,benchmarkReleaseRuntimeClasspath,benchmarkReleaseTestedApks,nonMinifiedReleaseCompileClasspath,nonMinifiedReleaseRuntimeClasspath,nonMinifiedReleaseTestedApks
androidx.annotation:annotation-jvm:1.6.0=benchmarkReleaseTestedApks,nonMinifiedReleaseTestedApks
androidx.annotation:annotation:1.2.0=implementationDependenciesMetadata
androidx.annotation:annotation:1.3.0=benchmarkReleaseCompileClasspath,benchmarkReleaseRuntimeClasspath,nonMinifiedReleaseCompileClasspath,nonMinifiedReleaseRuntimeClasspath
androidx.annotation:annotation:1.6.0=benchmarkReleaseTestedApks,nonMinifiedReleaseTestedApks
androidx.appcompat:appcompat-resources:1.6.1=benchmarkReleaseTestedApks,nonMinifiedReleaseTestedApks
androidx.appcompat:appcompat:1.6.1=benchmarkReleaseTestedApks,nonMinifiedReleaseTestedApks
androidx.arch.core:core-common:2.1.0=benchmarkReleaseRuntimeClasspath,nonMinifiedReleaseRuntimeClasspath
androidx.arch.core:core-common:2.2.0=benchmarkReleaseTestedApks,nonMinifiedReleaseTestedApks
androidx.arch.core:core-runtime:2.1.0=benchmarkReleaseRuntimeClasspath,nonMinifiedReleaseRuntimeClasspath
androidx.arch.core:core-runtime:2.2.0=benchmarkReleaseTestedApks,nonMinifiedReleaseTestedApks
androidx.asynclayoutinflater:asynclayoutinflater:1.0.0=benchmarkReleaseTestedApks,nonMinifiedReleaseTestedApks
androidx.autofill:autofill:1.0.0=benchmarkReleaseTestedApks,nonMinifiedReleaseTestedApks
androidx.benchmark:benchmark-common:1.2.2=benchmarkReleaseRuntimeClasspath,nonMinifiedReleaseRuntimeClasspath
androidx.benchmark:benchmark-macro-junit4:1.2.2=benchmarkReleaseCompileClasspath,benchmarkReleaseRuntimeClasspath,implementationDependenciesMetadata,nonMinifiedReleaseCompileClasspath,nonMinifiedReleaseRuntimeClasspath
androidx.benchmark:benchmark-macro:1.2.2=benchmarkReleaseCompileClasspath,benchmarkReleaseRuntimeClasspath,implementationDependenciesMetadata,nonMinifiedReleaseCompileClasspath,nonMinifiedReleaseRuntimeClasspath
androidx.browser:browser:1.5.0=benchmarkReleaseTestedApks,nonMinifiedReleaseTestedApks
androidx.collection:collection-ktx:1.1.0=benchmarkReleaseTestedApks,nonMinifiedReleaseTestedApks
androidx.collection:collection:1.0.0=benchmarkReleaseRuntimeClasspath,nonMinifiedReleaseRuntimeClasspath
androidx.collection:collection:1.2.0=benchmarkReleaseTestedApks,nonMinifiedReleaseTestedApks
androidx.compose.animation:animation-android:1.5.4=benchmarkReleaseTestedApks,nonMinifiedReleaseTestedApks
androidx.compose.animation:animation-core-android:1.5.4=benchmarkReleaseTestedApks,nonMinifiedReleaseTestedApks
androidx.compose.animation:animation-core:1.5.4=benchmarkReleaseTestedApks,nonMinifiedReleaseTestedApks
androidx.compose.animation:animation:1.5.4=benchmarkReleaseTestedApks,nonMinifiedReleaseTestedApks
androidx.compose.foundation:foundation-android:1.5.4=benchmarkReleaseTestedApks,nonMinifiedReleaseTestedApks
androidx.compose.foundation:foundation-layout-android:1.5.4=benchmarkReleaseTestedApks,nonMinifiedReleaseTestedApks
androidx.compose.foundation:foundation-layout:1.5.4=benchmarkReleaseTestedApks,nonMinifiedReleaseTestedApks
androidx.compose.foundation:foundation:1.5.4=benchmarkReleaseTestedApks,nonMinifiedReleaseTestedApks
androidx.compose.material3:material3:1.1.2=benchmarkReleaseTestedApks,nonMinifiedReleaseTestedApks
androidx.compose.material:material-android:1.5.4=benchmarkReleaseTestedApks,nonMinifiedReleaseTestedApks
androidx.compose.material:material-icons-core-android:1.5.4=benchmarkReleaseTestedApks,nonMinifiedReleaseTestedApks
androidx.compose.material:material-icons-core:1.5.4=benchmarkReleaseTestedApks,nonMinifiedReleaseTestedApks
androidx.compose.material:material-ripple-android:1.5.4=benchmarkReleaseTestedApks,nonMinifiedReleaseTestedApks
androidx.compose.material:material-ripple:1.5.4=benchmarkReleaseTestedApks,nonMinifiedReleaseTestedApks
androidx.compose.material:material:1.5.4=benchmarkReleaseTestedApks,nonMinifiedReleaseTestedApks
androidx.compose.runtime:runtime-android:1.5.4=benchmarkReleaseTestedApks,nonMinifiedReleaseTestedApks
androidx.compose.runtime:runtime-saveable-android:1.5.4=benchmarkReleaseTestedApks,nonMinifiedReleaseTestedApks
androidx.compose.runtime:runtime-saveable:1.5.4=benchmarkReleaseTestedApks,nonMinifiedReleaseTestedApks
androidx.compose.runtime:runtime:1.5.4=benchmarkReleaseTestedApks,nonMinifiedReleaseTestedApks
androidx.compose.ui:ui-android:1.5.4=benchmarkReleaseTestedApks,nonMinifiedReleaseTestedApks
androidx.compose.ui:ui-geometry-android:1.5.4=benchmarkReleaseTestedApks,nonMinifiedReleaseTestedApks
androidx.compose.ui:ui-geometry:1.5.4=benchmarkReleaseTestedApks,nonMinifiedReleaseTestedApks
androidx.compose.ui:ui-graphics-android:1.5.4=benchmarkReleaseTestedApks,nonMinifiedReleaseTestedApks
androidx.compose.ui:ui-graphics:1.5.4=benchmarkReleaseTestedApks,nonMinifiedReleaseTestedApks
androidx.compose.ui:ui-text-android:1.5.4=benchmarkReleaseTestedApks,nonMinifiedReleaseTestedApks
androidx.compose.ui:ui-text:1.5.4=benchmarkReleaseTestedApks,nonMinifiedReleaseTestedApks
androidx.compose.ui:ui-tooling-android:1.5.4=benchmarkReleaseTestedApks,nonMinifiedReleaseTestedApks
androidx.compose.ui:ui-tooling-data-android:1.5.4=benchmarkReleaseTestedApks,nonMinifiedReleaseTestedApks
androidx.compose.ui:ui-tooling-data:1.5.4=benchmarkReleaseTestedApks,nonMinifiedReleaseTestedApks
androidx.compose.ui:ui-tooling-preview-android:1.5.4=benchmarkReleaseTestedApks,nonMinifiedReleaseTestedApks
androidx.compose.ui:ui-tooling-preview:1.5.4=benchmarkReleaseTestedApks,nonMinifiedReleaseTestedApks
androidx.compose.ui:ui-tooling:1.5.4=benchmarkReleaseTestedApks,nonMinifiedReleaseTestedApks
androidx.compose.ui:ui-unit-android:1.5.4=benchmarkReleaseTestedApks,nonMinifiedReleaseTestedApks
androidx.compose.ui:ui-unit:1.5.4=benchmarkReleaseTestedApks,nonMinifiedReleaseTestedApks
androidx.compose.ui:ui-util-android:1.5.4=benchmarkReleaseTestedApks,nonMinifiedReleaseTestedApks
androidx.compose.ui:ui-util:1.5.4=benchmarkReleaseTestedApks,nonMinifiedReleaseTestedApks
androidx.compose.ui:ui:1.5.4=benchmarkReleaseTestedApks,nonMinifiedReleaseTestedApks
androidx.compose:compose-bom:2023.10.01=benchmarkReleaseTestedApks,nonMinifiedReleaseTestedApks
androidx.concurrent:concurrent-futures:1.1.0=benchmarkReleaseCompileClasspath,benchmarkReleaseRuntimeClasspath,benchmarkReleaseTestedApks,implementationDependenciesMetadata,nonMinifiedReleaseCompileClasspath,nonMinifiedReleaseRuntimeClasspath,nonMinifiedReleaseTestedApks
androidx.constraintlayout:constraintlayout-core:1.0.4=benchmarkReleaseTestedApks,nonMinifiedReleaseTestedApks
androidx.constraintlayout:constraintlayout:2.1.4=benchmarkReleaseTestedApks,nonMinifiedReleaseTestedApks
androidx.coordinatorlayout:coordinatorlayout:1.0.0=benchmarkReleaseTestedApks,nonMinifiedReleaseTestedApks
androidx.core:core-ktx:1.10.0=benchmarkReleaseTestedApks,nonMinifiedReleaseTestedApks
androidx.core:core-splashscreen:1.0.1=benchmarkReleaseTestedApks,nonMinifiedReleaseTestedApks
androidx.core:core:1.10.0=benchmarkReleaseTestedApks,nonMinifiedReleaseTestedApks
androidx.core:core:1.9.0=benchmarkReleaseRuntimeClasspath,nonMinifiedReleaseRuntimeClasspath
androidx.cursoradapter:cursoradapter:1.0.0=benchmarkReleaseTestedApks,nonMinifiedReleaseTestedApks
androidx.customview:customview-poolingcontainer:1.0.0=benchmarkReleaseTestedApks,nonMinifiedReleaseTestedApks
androidx.customview:customview:1.1.0=benchmarkReleaseTestedApks,nonMinifiedReleaseTestedApks
androidx.documentfile:documentfile:1.0.0=benchmarkReleaseTestedApks,nonMinifiedReleaseTestedApks
androidx.drawerlayout:drawerlayout:1.0.0=benchmarkReleaseTestedApks,nonMinifiedReleaseTestedApks
androidx.emoji2:emoji2-views-helper:1.4.0=benchmarkReleaseTestedApks,nonMinifiedReleaseTestedApks
androidx.emoji2:emoji2:1.4.0=benchmarkReleaseTestedApks,nonMinifiedReleaseTestedApks
androidx.exifinterface:exifinterface:1.3.6=benchmarkReleaseTestedApks,nonMinifiedReleaseTestedApks
androidx.fragment:fragment-ktx:1.3.6=benchmarkReleaseTestedApks,nonMinifiedReleaseTestedApks
androidx.fragment:fragment:1.3.6=benchmarkReleaseTestedApks,nonMinifiedReleaseTestedApks
androidx.interpolator:interpolator:1.0.0=benchmarkReleaseTestedApks,nonMinifiedReleaseTestedApks
androidx.legacy:legacy-support-core-ui:1.0.0=benchmarkReleaseTestedApks,nonMinifiedReleaseTestedApks
androidx.legacy:legacy-support-core-utils:1.0.0=benchmarkReleaseTestedApks,nonMinifiedReleaseTestedApks
androidx.lifecycle:lifecycle-common-java8:2.6.2=benchmarkReleaseTestedApks,nonMinifiedReleaseTestedApks
androidx.lifecycle:lifecycle-common:2.3.1=benchmarkReleaseCompileClasspath,benchmarkReleaseRuntimeClasspath,implementationDependenciesMetadata,nonMinifiedReleaseCompileClasspath,nonMinifiedReleaseRuntimeClasspath
androidx.lifecycle:lifecycle-common:2.6.2=benchmarkReleaseTestedApks,nonMinifiedReleaseTestedApks
androidx.lifecycle:lifecycle-livedata-core-ktx:2.6.2=benchmarkReleaseTestedApks,nonMinifiedReleaseTestedApks
androidx.lifecycle:lifecycle-livedata-core:2.6.2=benchmarkReleaseTestedApks,nonMinifiedReleaseTestedApks
androidx.lifecycle:lifecycle-livedata:2.6.2=benchmarkReleaseTestedApks,nonMinifiedReleaseTestedApks
androidx.lifecycle:lifecycle-process:2.6.2=benchmarkReleaseTestedApks,nonMinifiedReleaseTestedApks
androidx.lifecycle:lifecycle-runtime-compose:2.6.2=benchmarkReleaseTestedApks,nonMinifiedReleaseTestedApks
androidx.lifecycle:lifecycle-runtime-ktx:2.6.2=benchmarkReleaseTestedApks,nonMinifiedReleaseTestedApks
androidx.lifecycle:lifecycle-runtime:2.3.1=benchmarkReleaseRuntimeClasspath,nonMinifiedReleaseRuntimeClasspath
androidx.lifecycle:lifecycle-runtime:2.6.2=benchmarkReleaseTestedApks,nonMinifiedReleaseTestedApks
androidx.lifecycle:lifecycle-viewmodel-compose:2.6.2=benchmarkReleaseTestedApks,nonMinifiedReleaseTestedApks
androidx.lifecycle:lifecycle-viewmodel-ktx:2.6.2=benchmarkReleaseTestedApks,nonMinifiedReleaseTestedApks
androidx.lifecycle:lifecycle-viewmodel-savedstate:2.6.2=benchmarkReleaseTestedApks,nonMinifiedReleaseTestedApks
androidx.lifecycle:lifecycle-viewmodel:2.6.2=benchmarkReleaseTestedApks,nonMinifiedReleaseTestedApks
androidx.loader:loader:1.0.0=benchmarkReleaseTestedApks,nonMinifiedReleaseTestedApks
androidx.localbroadcastmanager:localbroadcastmanager:1.0.0=benchmarkReleaseTestedApks,nonMinifiedReleaseTestedApks
androidx.navigation:navigation-common-ktx:2.7.4=benchmarkReleaseTestedApks,nonMinifiedReleaseTestedApks
androidx.navigation:navigation-common:2.7.4=benchmarkReleaseTestedApks,nonMinifiedReleaseTestedApks
androidx.navigation:navigation-compose:2.7.4=benchmarkReleaseTestedApks,nonMinifiedReleaseTestedApks
androidx.navigation:navigation-runtime-ktx:2.7.4=benchmarkReleaseTestedApks,nonMinifiedReleaseTestedApks
androidx.navigation:navigation-runtime:2.7.4=benchmarkReleaseTestedApks,nonMinifiedReleaseTestedApks
androidx.preference:preference-ktx:1.2.0=benchmarkReleaseTestedApks,nonMinifiedReleaseTestedApks
androidx.preference:preference:1.2.0=benchmarkReleaseTestedApks,nonMinifiedReleaseTestedApks
androidx.print:print:1.0.0=benchmarkReleaseTestedApks,nonMinifiedReleaseTestedApks
androidx.profileinstaller:profileinstaller:1.3.0=benchmarkReleaseRuntimeClasspath,nonMinifiedReleaseRuntimeClasspath
androidx.profileinstaller:profileinstaller:1.3.1=benchmarkReleaseTestedApks,nonMinifiedReleaseTestedApks
androidx.recyclerview:recyclerview:1.0.0=benchmarkReleaseTestedApks,nonMinifiedReleaseTestedApks
androidx.resourceinspection:resourceinspection-annotation:1.0.1=benchmarkReleaseTestedApks,nonMinifiedReleaseTestedApks
androidx.savedstate:savedstate-ktx:1.2.1=benchmarkReleaseTestedApks,nonMinifiedReleaseTestedApks
androidx.savedstate:savedstate:1.2.1=benchmarkReleaseTestedApks,nonMinifiedReleaseTestedApks
androidx.slidingpanelayout:slidingpanelayout:1.2.0=benchmarkReleaseTestedApks,nonMinifiedReleaseTestedApks
androidx.startup:startup-runtime:1.1.1=benchmarkReleaseRuntimeClasspath,benchmarkReleaseTestedApks,nonMinifiedReleaseRuntimeClasspath,nonMinifiedReleaseTestedApks
androidx.swiperefreshlayout:swiperefreshlayout:1.0.0=benchmarkReleaseTestedApks,nonMinifiedReleaseTestedApks
androidx.test.ext:junit:1.1.5=benchmarkReleaseCompileClasspath,benchmarkReleaseRuntimeClasspath,implementationDependenciesMetadata,nonMinifiedReleaseCompileClasspath,nonMinifiedReleaseRuntimeClasspath
androidx.test.services:storage:1.4.2=benchmarkReleaseCompileClasspath,benchmarkReleaseRuntimeClasspath,implementationDependenciesMetadata,nonMinifiedReleaseCompileClasspath,nonMinifiedReleaseRuntimeClasspath
androidx.test.uiautomator:uiautomator:2.2.0=benchmarkReleaseCompileClasspath,benchmarkReleaseRuntimeClasspath,implementationDependenciesMetadata,nonMinifiedReleaseCompileClasspath,nonMinifiedReleaseRuntimeClasspath
androidx.test:annotation:1.0.1=benchmarkReleaseCompileClasspath,benchmarkReleaseRuntimeClasspath,implementationDependenciesMetadata,nonMinifiedReleaseCompileClasspath,nonMinifiedReleaseRuntimeClasspath
androidx.test:core:1.5.0=benchmarkReleaseCompileClasspath,benchmarkReleaseRuntimeClasspath,implementationDependenciesMetadata,nonMinifiedReleaseCompileClasspath,nonMinifiedReleaseRuntimeClasspath
androidx.test:monitor:1.6.1=benchmarkReleaseCompileClasspath,benchmarkReleaseRuntimeClasspath,implementationDependenciesMetadata,nonMinifiedReleaseCompileClasspath,nonMinifiedReleaseRuntimeClasspath
androidx.test:rules:1.5.0=benchmarkReleaseRuntimeClasspath,nonMinifiedReleaseRuntimeClasspath
androidx.test:runner:1.5.0=benchmarkReleaseRuntimeClasspath,nonMinifiedReleaseRuntimeClasspath
androidx.tracing:tracing-ktx:1.1.0-rc01=benchmarkReleaseRuntimeClasspath,nonMinifiedReleaseRuntimeClasspath
androidx.tracing:tracing-perfetto-binary:1.0.0=benchmarkReleaseRuntimeClasspath,nonMinifiedReleaseRuntimeClasspath
androidx.tracing:tracing-perfetto-handshake:1.0.0=benchmarkReleaseRuntimeClasspath,nonMinifiedReleaseRuntimeClasspath
androidx.tracing:tracing-perfetto:1.0.0=benchmarkReleaseRuntimeClasspath,nonMinifiedReleaseRuntimeClasspath
androidx.tracing:tracing:1.0.0=benchmarkReleaseTestedApks,implementationDependenciesMetadata,nonMinifiedReleaseTestedApks
androidx.tracing:tracing:1.1.0-rc01=benchmarkReleaseCompileClasspath,benchmarkReleaseRuntimeClasspath,nonMinifiedReleaseCompileClasspath,nonMinifiedReleaseRuntimeClasspath
androidx.transition:transition:1.4.1=benchmarkReleaseTestedApks,nonMinifiedReleaseTestedApks
androidx.vectordrawable:vectordrawable-animated:1.1.0=benchmarkReleaseTestedApks,nonMinifiedReleaseTestedApks
androidx.vectordrawable:vectordrawable:1.1.0=benchmarkReleaseTestedApks,nonMinifiedReleaseTestedApks
androidx.versionedparcelable:versionedparcelable:1.1.1=benchmarkReleaseRuntimeClasspath,benchmarkReleaseTestedApks,nonMinifiedReleaseRuntimeClasspath,nonMinifiedReleaseTestedApks
androidx.viewpager:viewpager:1.0.0=benchmarkReleaseTestedApks,nonMinifiedReleaseTestedApks
androidx.window:window:1.0.0=benchmarkReleaseTestedApks,nonMinifiedReleaseTestedApks
com.google.accompanist:accompanist-drawablepainter:0.30.1=benchmarkReleaseTestedApks,nonMinifiedReleaseTestedApks
com.google.code.findbugs:jsr305:2.0.2=benchmarkReleaseCompileClasspath,benchmarkReleaseRuntimeClasspath,implementationDependenciesMetadata,nonMinifiedReleaseCompileClasspath,nonMinifiedReleaseRuntimeClasspath
com.google.code.gson:gson:2.10.1=benchmarkReleaseTestedApks,nonMinifiedReleaseTestedApks
com.google.guava:listenablefuture:1.0=benchmarkReleaseCompileClasspath,benchmarkReleaseRuntimeClasspath,benchmarkReleaseTestedApks,implementationDependenciesMetadata,nonMinifiedReleaseCompileClasspath,nonMinifiedReleaseRuntimeClasspath,nonMinifiedReleaseTestedApks
com.squareup.okhttp3:logging-interceptor:4.11.0=benchmarkReleaseTestedApks,nonMinifiedReleaseTestedApks
com.squareup.okhttp3:okhttp:4.11.0=benchmarkReleaseTestedApks,nonMinifiedReleaseTestedApks
com.squareup.okio:okio-bom:3.3.0=benchmarkReleaseCompileClasspath,benchmarkReleaseRuntimeClasspath,implementationDependenciesMetadata,nonMinifiedReleaseCompileClasspath,nonMinifiedReleaseRuntimeClasspath
com.squareup.okio:okio-jvm:3.3.0=benchmarkReleaseCompileClasspath,benchmarkReleaseRuntimeClasspath,nonMinifiedReleaseCompileClasspath,nonMinifiedReleaseRuntimeClasspath
com.squareup.okio:okio-jvm:3.4.0=benchmarkReleaseTestedApks,nonMinifiedReleaseTestedApks
com.squareup.okio:okio:3.3.0=benchmarkReleaseCompileClasspath,benchmarkReleaseRuntimeClasspath,implementationDependenciesMetadata,nonMinifiedReleaseCompileClasspath,nonMinifiedReleaseRuntimeClasspath
com.squareup.okio:okio:3.4.0=benchmarkReleaseTestedApks,nonMinifiedReleaseTestedApks
com.squareup.wire:wire-runtime-jvm:4.7.0=benchmarkReleaseCompileClasspath,benchmarkReleaseRuntimeClasspath,nonMinifiedReleaseCompileClasspath,nonMinifiedReleaseRuntimeClasspath
com.squareup.wire:wire-runtime:4.7.0=benchmarkReleaseCompileClasspath,benchmarkReleaseRuntimeClasspath,implementationDependenciesMetadata,nonMinifiedReleaseCompileClasspath,nonMinifiedReleaseRuntimeClasspath
io.coil-kt:coil-base:2.4.0=benchmarkReleaseTestedApks,nonMinifiedReleaseTestedApks
io.coil-kt:coil-compose-base:2.4.0=benchmarkReleaseTestedApks,nonMinifiedReleaseTestedApks
io.coil-kt:coil-compose:2.4.0=benchmarkReleaseTestedApks,nonMinifiedReleaseTestedApks
io.coil-kt:coil:2.4.0=benchmarkReleaseTestedApks,nonMinifiedReleaseTestedApks
junit:junit:4.13.2=benchmarkReleaseCompileClasspath,benchmarkReleaseRuntimeClasspath,implementationDependenciesMetadata,nonMinifiedReleaseCompileClasspath,nonMinifiedReleaseRuntimeClasspath
net.java.dev.jna:jna:5.6.0=kotlinCompilerClasspath,kotlinKlibCommonizerClasspath
org.hamcrest:hamcrest-core:1.3=benchmarkReleaseCompileClasspath,benchmarkReleaseRuntimeClasspath,implementationDependenciesMetadata,nonMinifiedReleaseCompileClasspath,nonMinifiedReleaseRuntimeClasspath
org.jetbrains.intellij.deps:trove4j:1.0.20200330=kotlinCompilerClasspath,kotlinKlibCommonizerClasspath
org.jetbrains.kotlin:kotlin-android-extensions-runtime:1.8.20=benchmarkReleaseTestedApks,nonMinifiedReleaseTestedApks
org.jetbrains.kotlin:kotlin-compiler-embeddable:1.8.20=kotlinCompilerClasspath,kotlinKlibCommonizerClasspath
org.jetbrains.kotlin:kotlin-daemon-embeddable:1.8.20=kotlinCompilerClasspath,kotlinKlibCommonizerClasspath
org.jetbrains.kotlin:kotlin-klib-commonizer-embeddable:1.8.20=kotlinKlibCommonizerClasspath
org.jetbrains.kotlin:kotlin-parcelize-runtime:1.8.20=benchmarkReleaseTestedApks,nonMinifiedReleaseTestedApks
org.jetbrains.kotlin:kotlin-reflect:1.6.10=kotlinCompilerClasspath,kotlinKlibCommonizerClasspath
org.jetbrains.kotlin:kotlin-script-runtime:1.8.20=kotlinCompilerClasspath,kotlinKlibCommonizerClasspath
org.jetbrains.kotlin:kotlin-stdlib-common:1.8.20=apiDependenciesMetadata,kotlinCompilerClasspath,kotlinKlibCommonizerClasspath
org.jetbrains.kotlin:kotlin-stdlib-common:1.8.22=benchmarkReleaseCompileClasspath,benchmarkReleaseRuntimeClasspath,benchmarkReleaseTestedApks,implementationDependenciesMetadata,nonMinifiedReleaseCompileClasspath,nonMinifiedReleaseRuntimeClasspath,nonMinifiedReleaseTestedApks
org.jetbrains.kotlin:kotlin-stdlib-jdk7:1.8.20=apiDependenciesMetadata,benchmarkReleaseCompileClasspath,benchmarkReleaseRuntimeClasspath,implementationDependenciesMetadata,nonMinifiedReleaseCompileClasspath,nonMinifiedReleaseRuntimeClasspath
org.jetbrains.kotlin:kotlin-stdlib-jdk7:1.8.21=benchmarkReleaseTestedApks,nonMinifiedReleaseTestedApks
org.jetbrains.kotlin:kotlin-stdlib-jdk8:1.8.20=apiDependenciesMetadata,benchmarkReleaseCompileClasspath,benchmarkReleaseRuntimeClasspath,implementationDependenciesMetadata,nonMinifiedReleaseCompileClasspath,nonMinifiedReleaseRuntimeClasspath
org.jetbrains.kotlin:kotlin-stdlib-jdk8:1.8.21=benchmarkReleaseTestedApks,nonMinifiedReleaseTestedApks
org.jetbrains.kotlin:kotlin-stdlib:1.8.20=apiDependenciesMetadata,kotlinCompilerClasspath,kotlinKlibCommonizerClasspath
org.jetbrains.kotlin:kotlin-stdlib:1.8.22=benchmarkReleaseCompileClasspath,benchmarkReleaseRuntimeClasspath,benchmarkReleaseTestedApks,implementationDependenciesMetadata,nonMinifiedReleaseCompileClasspath,nonMinifiedReleaseRuntimeClasspath,nonMinifiedReleaseTestedApks
org.jetbrains.kotlinx:kotlinx-coroutines-android:1.7.1=benchmarkReleaseTestedApks,nonMinifiedReleaseTestedApks
org.jetbrains.kotlinx:kotlinx-coroutines-bom:1.7.1=benchmarkReleaseTestedApks,nonMinifiedReleaseTestedApks
org.jetbrains.kotlinx:kotlinx-coroutines-core-jvm:1.7.1=benchmarkReleaseTestedApks,nonMinifiedReleaseTestedApks
org.jetbrains.kotlinx:kotlinx-coroutines-core:1.7.1=benchmarkReleaseTestedApks,nonMinifiedReleaseTestedApks
org.jetbrains:annotations:13.0=apiDependenciesMetadata,benchmarkReleaseCompileClasspath,benchmarkReleaseRuntimeClasspath,implementationDependenciesMetadata,kotlinCompilerClasspath,kotlinKlibCommonizerClasspath,nonMinifiedReleaseCompileClasspath,nonMinifiedReleaseRuntimeClasspath
org.jetbrains:annotations:23.0.0=benchmarkReleaseTestedApks,nonMinifiedReleaseTestedApks
empty=androidApis,androidJdkImage,androidTestUtil,benchmarkReleaseAnnotationProcessorClasspath,benchmarkReleaseApiDependenciesMetadata,benchmarkReleaseCompileOnlyDependenciesMetadata,benchmarkReleaseImplementationDependenciesMetadata,benchmarkReleaseIntransitiveDependenciesMetadata,compileOnlyDependenciesMetadata,coreLibraryDesugaring,debugApiDependenciesMetadata,debugCompileOnlyDependenciesMetadata,debugImplementationDependenciesMetadata,debugIntransitiveDependenciesMetadata,intransitiveDependenciesMetadata,kotlinCompilerPluginClasspath,kotlinCompilerPluginClasspathBenchmarkRelease,kotlinCompilerPluginClasspathNonMinifiedRelease,kotlinNativeCompilerPluginClasspath,lintChecks,lintPublish,nonMinifiedReleaseAnnotationProcessorClasspath,nonMinifiedReleaseApiDependenciesMetadata,nonMinifiedReleaseCompileOnlyDependenciesMetadata,nonMinifiedReleaseImplementationDependenciesMetadata,nonMinifiedReleaseIntransitiveDependenciesMetadata
