# This is a Gradle generated file for dependency locking.
# Manual edits can break the build and are not advised.
# This file is expected to be part of source control.
com.fasterxml.jackson.core:jackson-annotations:2.15.3=dokkaHtmlGeneratorRuntimeResolver~internal,dokkaHtmlPublicationPluginResolver~internal
com.fasterxml.jackson.core:jackson-core:2.15.3=dokkaHtmlGeneratorRuntimeResolver~internal,dokkaHtmlPublicationPluginResolver~internal
com.fasterxml.jackson.core:jackson-databind:2.15.3=dokkaHtmlGeneratorRuntimeResolver~internal,dokkaHtmlPublicationPluginResolver~internal
com.fasterxml.jackson.dataformat:jackson-dataformat-xml:2.15.3=dokkaHtmlGeneratorRuntimeResolver~internal
com.fasterxml.jackson.module:jackson-module-kotlin:2.15.3=dokkaHtmlGeneratorRuntimeResolver~internal,dokkaHtmlPublicationPluginResolver~internal
com.fasterxml.jackson:jackson-bom:2.15.3=dokkaHtmlGeneratorRuntimeResolver~internal,dokkaHtmlPublicationPluginResolver~internal
com.fasterxml.woodstox:woodstox-core:6.5.1=dokkaHtmlGeneratorRuntimeResolver~internal
com.pinterest.ktlint:ktlint-cli-ruleset-core:0.50.0=detektPlugins
com.pinterest.ktlint:ktlint-logger:0.50.0=detektPlugins
com.pinterest.ktlint:ktlint-rule-engine-core:0.50.0=detektPlugins
com.pinterest.ktlint:ktlint-ruleset-standard:0.50.0=detektPlugins
dev.drewhamilton.poko:poko-annotations-jvm:0.16.0=detekt
dev.drewhamilton.poko:poko-annotations:0.16.0=detekt
io.github.davidburstrom.contester:contester-breakpoint:0.2.0=detekt
io.github.detekt.sarif4k:sarif4k-jvm:0.6.0=detekt
io.github.detekt.sarif4k:sarif4k:0.6.0=detekt
io.github.microutils:kotlin-logging-jvm:3.0.5=detektPlugins
io.gitlab.arturbosch.detekt:detekt-api:1.23.7=detekt
io.gitlab.arturbosch.detekt:detekt-cli:1.23.7=detekt
io.gitlab.arturbosch.detekt:detekt-core:1.23.7=detekt
io.gitlab.arturbosch.detekt:detekt-formatting:1.23.7=detektPlugins
io.gitlab.arturbosch.detekt:detekt-metrics:1.23.7=detekt
io.gitlab.arturbosch.detekt:detekt-parser:1.23.7=detekt
io.gitlab.arturbosch.detekt:detekt-psi-utils:1.23.7=detekt
io.gitlab.arturbosch.detekt:detekt-report-html:1.23.7=detekt
io.gitlab.arturbosch.detekt:detekt-report-md:1.23.7=detekt
io.gitlab.arturbosch.detekt:detekt-report-sarif:1.23.7=detekt
io.gitlab.arturbosch.detekt:detekt-report-txt:1.23.7=detekt
io.gitlab.arturbosch.detekt:detekt-report-xml:1.23.7=detekt
io.gitlab.arturbosch.detekt:detekt-rules-complexity:1.23.7=detekt
io.gitlab.arturbosch.detekt:detekt-rules-coroutines:1.23.7=detekt
io.gitlab.arturbosch.detekt:detekt-rules-documentation:1.23.7=detekt
io.gitlab.arturbosch.detekt:detekt-rules-empty:1.23.7=detekt
io.gitlab.arturbosch.detekt:detekt-rules-errorprone:1.23.7=detekt
io.gitlab.arturbosch.detekt:detekt-rules-exceptions:1.23.7=detekt
io.gitlab.arturbosch.detekt:detekt-rules-libraries:1.23.7=detektPlugins
io.gitlab.arturbosch.detekt:detekt-rules-naming:1.23.7=detekt
io.gitlab.arturbosch.detekt:detekt-rules-performance:1.23.7=detekt
io.gitlab.arturbosch.detekt:detekt-rules-style:1.23.7=detekt
io.gitlab.arturbosch.detekt:detekt-rules:1.23.7=detekt
io.gitlab.arturbosch.detekt:detekt-tooling:1.23.7=detekt
io.gitlab.arturbosch.detekt:detekt-utils:1.23.7=detekt
org.codehaus.woodstox:stax2-api:4.2.1=dokkaHtmlGeneratorRuntimeResolver~internal
org.ec4j.core:ec4j-core:0.3.0=detektPlugins
org.freemarker:freemarker:2.3.32=dokkaHtmlGeneratorRuntimeResolver~internal,dokkaHtmlPublicationPluginResolver~internal
org.jcommander:jcommander:1.85=detekt
org.jetbrains.dokka:all-modules-page-plugin:2.1.0=dokkaHtmlPublicationPluginResolver~internal
org.jetbrains.dokka:analysis-kotlin-symbols:2.1.0=dokkaHtmlGeneratorRuntimeResolver~internal
org.jetbrains.dokka:analysis-markdown:2.1.0=dokkaHtmlGeneratorRuntimeResolver~internal,dokkaHtmlPublicationPluginResolver~internal
org.jetbrains.dokka:dokka-base:2.1.0=dokkaHtmlGeneratorRuntimeResolver~internal,dokkaHtmlPluginIntransitiveResolver~internal,dokkaHtmlPublicationPluginResolver~internal
org.jetbrains.dokka:dokka-core:2.1.0=dokkaHtmlGeneratorRuntimeResolver~internal
org.jetbrains.dokka:templating-plugin:2.1.0=dokkaHtmlGeneratorRuntimeResolver~internal,dokkaHtmlPluginIntransitiveResolver~internal,dokkaHtmlPublicationPluginResolver~internal
org.jetbrains.intellij.deps:trove4j:1.0.20200330=detekt
org.jetbrains.kotlin:kotlin-compiler-embeddable:2.0.10=detekt
org.jetbrains.kotlin:kotlin-daemon-embeddable:2.0.10=detekt
org.jetbrains.kotlin:kotlin-reflect:2.0.10=detekt
org.jetbrains.kotlin:kotlin-reflect:2.0.21=dokkaHtmlGeneratorRuntimeResolver~internal,dokkaHtmlPublicationPluginResolver~internal
org.jetbrains.kotlin:kotlin-script-runtime:2.0.10=detekt
org.jetbrains.kotlin:kotlin-stdlib-common:2.0.20=detekt
org.jetbrains.kotlin:kotlin-stdlib-common:2.0.21=dokkaHtmlGeneratorRuntimeResolver~internal,dokkaHtmlPublicationPluginResolver~internal
org.jetbrains.kotlin:kotlin-stdlib-jdk7:1.8.0=detekt
org.jetbrains.kotlin:kotlin-stdlib-jdk7:1.8.20=dokkaHtmlGeneratorRuntimeResolver~internal,dokkaHtmlPublicationPluginResolver~internal
org.jetbrains.kotlin:kotlin-stdlib-jdk8:1.8.0=detekt
org.jetbrains.kotlin:kotlin-stdlib-jdk8:1.8.20=dokkaHtmlGeneratorRuntimeResolver~internal,dokkaHtmlPublicationPluginResolver~internal
org.jetbrains.kotlin:kotlin-stdlib:2.0.10=detektPlugins
org.jetbrains.kotlin:kotlin-stdlib:2.0.20=detekt
org.jetbrains.kotlin:kotlin-stdlib:2.0.21=dokkaHtmlGeneratorRuntimeResolver~internal,dokkaHtmlPublicationPluginResolver~internal
org.jetbrains.kotlinx:kotlinx-coroutines-bom:1.7.3=dokkaHtmlGeneratorRuntimeResolver~internal,dokkaHtmlPublicationPluginResolver~internal
org.jetbrains.kotlinx:kotlinx-coroutines-core-jvm:1.7.3=dokkaHtmlGeneratorRuntimeResolver~internal,dokkaHtmlPublicationPluginResolver~internal
org.jetbrains.kotlinx:kotlinx-coroutines-core:1.7.3=dokkaHtmlGeneratorRuntimeResolver~internal,dokkaHtmlPublicationPluginResolver~internal
org.jetbrains.kotlinx:kotlinx-html-jvm:0.8.1=detekt
org.jetbrains.kotlinx:kotlinx-html-jvm:0.9.1=dokkaHtmlGeneratorRuntimeResolver~internal,dokkaHtmlPublicationPluginResolver~internal
org.jetbrains.kotlinx:kotlinx-serialization-core-jvm:1.4.1=detekt
org.jetbrains.kotlinx:kotlinx-serialization-core:1.4.1=detekt
org.jetbrains.kotlinx:kotlinx-serialization-json-jvm:1.4.1=detekt
org.jetbrains.kotlinx:kotlinx-serialization-json:1.4.1=detekt
org.jetbrains:annotations:13.0=detekt,detektPlugins
org.jetbrains:annotations:23.0.0=dokkaHtmlGeneratorRuntimeResolver~internal,dokkaHtmlPublicationPluginResolver~internal
org.jetbrains:markdown-jvm:0.7.3=dokkaHtmlGeneratorRuntimeResolver~internal,dokkaHtmlPublicationPluginResolver~internal
org.jetbrains:markdown:0.7.3=dokkaHtmlGeneratorRuntimeResolver~internal,dokkaHtmlPublicationPluginResolver~internal
org.jsoup:jsoup:1.16.1=dokkaHtmlGeneratorRuntimeResolver~internal,dokkaHtmlPublicationPluginResolver~internal
org.slf4j:slf4j-api:2.0.3=detektPlugins
org.snakeyaml:snakeyaml-engine:2.7=detekt
empty=dokkaHtmlModuleOutputDirectoriesResolver~internal
