# This is a Gradle generated file for dependency locking.
# Manual edits can break the build and are not advised.
# This file is expected to be part of source control.
dev.drewhamilton.poko:poko-annotations-jvm:0.16.0=runtimeClasspath,testRuntimeClasspath
dev.drewhamilton.poko:poko-annotations:0.16.0=runtimeClasspath,testRuntimeClasspath
io.github.davidburstrom.contester:contester-breakpoint:0.2.0=runtimeClasspath,testRuntimeClasspath
io.github.detekt.sarif4k:sarif4k-jvm:0.6.0=runtimeClasspath,testRuntimeClasspath
io.github.detekt.sarif4k:sarif4k:0.6.0=runtimeClasspath,testRuntimeClasspath
io.gitlab.arturbosch.detekt:detekt-api:1.23.6=dependencySources,testDependencySources
io.gitlab.arturbosch.detekt:detekt-api:1.23.7=compileClasspath,implementationDependenciesMetadata,runtimeClasspath,testCompileClasspath,testImplementationDependenciesMetadata,testRuntimeClasspath
io.gitlab.arturbosch.detekt:detekt-cli:1.23.6=dependencySources,testDependencySources
io.gitlab.arturbosch.detekt:detekt-cli:1.23.7=compileClasspath,implementationDependenciesMetadata,runtimeClasspath,testCompileClasspath,testImplementationDependenciesMetadata,testRuntimeClasspath
io.gitlab.arturbosch.detekt:detekt-core:1.23.7=runtimeClasspath,testRuntimeClasspath
io.gitlab.arturbosch.detekt:detekt-metrics:1.23.6=dependencySources,testDependencySources
io.gitlab.arturbosch.detekt:detekt-metrics:1.23.7=compileClasspath,implementationDependenciesMetadata,runtimeClasspath,testCompileClasspath,testImplementationDependenciesMetadata,testRuntimeClasspath
io.gitlab.arturbosch.detekt:detekt-parser:1.23.7=runtimeClasspath,testRuntimeClasspath
io.gitlab.arturbosch.detekt:detekt-psi-utils:1.23.7=compileClasspath,implementationDependenciesMetadata,runtimeClasspath,testCompileClasspath,testImplementationDependenciesMetadata,testRuntimeClasspath
io.gitlab.arturbosch.detekt:detekt-report-html:1.23.7=runtimeClasspath,testRuntimeClasspath
io.gitlab.arturbosch.detekt:detekt-report-md:1.23.7=runtimeClasspath,testRuntimeClasspath
io.gitlab.arturbosch.detekt:detekt-report-sarif:1.23.7=runtimeClasspath,testRuntimeClasspath
io.gitlab.arturbosch.detekt:detekt-report-txt:1.23.7=runtimeClasspath,testRuntimeClasspath
io.gitlab.arturbosch.detekt:detekt-report-xml:1.23.7=runtimeClasspath,testRuntimeClasspath
io.gitlab.arturbosch.detekt:detekt-rules-complexity:1.23.7=runtimeClasspath,testRuntimeClasspath
io.gitlab.arturbosch.detekt:detekt-rules-coroutines:1.23.7=runtimeClasspath,testRuntimeClasspath
io.gitlab.arturbosch.detekt:detekt-rules-documentation:1.23.7=runtimeClasspath,testRuntimeClasspath
io.gitlab.arturbosch.detekt:detekt-rules-empty:1.23.7=runtimeClasspath,testRuntimeClasspath
io.gitlab.arturbosch.detekt:detekt-rules-errorprone:1.23.7=runtimeClasspath,testRuntimeClasspath
io.gitlab.arturbosch.detekt:detekt-rules-exceptions:1.23.7=runtimeClasspath,testRuntimeClasspath
io.gitlab.arturbosch.detekt:detekt-rules-naming:1.23.7=runtimeClasspath,testRuntimeClasspath
io.gitlab.arturbosch.detekt:detekt-rules-performance:1.23.7=runtimeClasspath,testRuntimeClasspath
io.gitlab.arturbosch.detekt:detekt-rules-style:1.23.7=runtimeClasspath,testRuntimeClasspath
io.gitlab.arturbosch.detekt:detekt-rules:1.23.7=runtimeClasspath,testRuntimeClasspath
io.gitlab.arturbosch.detekt:detekt-tooling:1.23.7=runtimeClasspath,testRuntimeClasspath
io.gitlab.arturbosch.detekt:detekt-utils:1.23.7=runtimeClasspath,testRuntimeClasspath
org.jcommander:jcommander:1.85=runtimeClasspath,testRuntimeClasspath
org.jetbrains.intellij.deps:trove4j:1.0.20200330=kotlinBuildToolsApiClasspath,kotlinCompilerClasspath,kotlinKlibCommonizerClasspath,runtimeClasspath,testRuntimeClasspath
org.jetbrains.kotlin:kotlin-assignment-compiler-plugin-embeddable:2.0.20=kotlinCompilerPluginClasspathMain,kotlinCompilerPluginClasspathTest
org.jetbrains.kotlin:kotlin-build-common:2.0.20=kotlinBuildToolsApiClasspath
org.jetbrains.kotlin:kotlin-build-tools-api:2.0.20=kotlinBuildToolsApiClasspath
org.jetbrains.kotlin:kotlin-build-tools-impl:2.0.20=kotlinBuildToolsApiClasspath
org.jetbrains.kotlin:kotlin-compiler-embeddable:2.0.10=compileClasspath,implementationDependenciesMetadata,runtimeClasspath,testCompileClasspath,testImplementationDependenciesMetadata,testRuntimeClasspath
org.jetbrains.kotlin:kotlin-compiler-embeddable:2.0.20=kotlinBuildToolsApiClasspath,kotlinCompilerClasspath,kotlinKlibCommonizerClasspath
org.jetbrains.kotlin:kotlin-compiler-runner:2.0.20=kotlinBuildToolsApiClasspath
org.jetbrains.kotlin:kotlin-daemon-client:2.0.20=kotlinBuildToolsApiClasspath
org.jetbrains.kotlin:kotlin-daemon-embeddable:2.0.10=runtimeClasspath,testRuntimeClasspath
org.jetbrains.kotlin:kotlin-daemon-embeddable:2.0.20=kotlinBuildToolsApiClasspath,kotlinCompilerClasspath,kotlinKlibCommonizerClasspath
org.jetbrains.kotlin:kotlin-klib-commonizer-embeddable:2.0.20=kotlinKlibCommonizerClasspath
org.jetbrains.kotlin:kotlin-native-prebuilt:2.0.20=kotlinNativeBundleConfiguration
org.jetbrains.kotlin:kotlin-reflect:1.6.10=kotlinBuildToolsApiClasspath,kotlinCompilerClasspath,kotlinKlibCommonizerClasspath
org.jetbrains.kotlin:kotlin-reflect:1.9.24=compileClasspath,compileOnlyDependenciesMetadata,dependencySources,embeddedKotlin,testCompileClasspath,testDependencySources,testImplementationDependenciesMetadata
org.jetbrains.kotlin:kotlin-reflect:2.0.10=runtimeClasspath,testRuntimeClasspath
org.jetbrains.kotlin:kotlin-sam-with-receiver-compiler-plugin-embeddable:2.0.20=kotlinCompilerPluginClasspathMain,kotlinCompilerPluginClasspathTest
org.jetbrains.kotlin:kotlin-script-runtime:2.0.10=runtimeClasspath,testRuntimeClasspath
org.jetbrains.kotlin:kotlin-script-runtime:2.0.20=kotlinBuildToolsApiClasspath,kotlinCompilerClasspath,kotlinCompilerPluginClasspathMain,kotlinCompilerPluginClasspathTest,kotlinKlibCommonizerClasspath
org.jetbrains.kotlin:kotlin-scripting-common:2.0.20=kotlinBuildToolsApiClasspath,kotlinCompilerPluginClasspathMain,kotlinCompilerPluginClasspathTest
org.jetbrains.kotlin:kotlin-scripting-compiler-embeddable:2.0.20=kotlinBuildToolsApiClasspath,kotlinCompilerPluginClasspathMain,kotlinCompilerPluginClasspathTest
org.jetbrains.kotlin:kotlin-scripting-compiler-impl-embeddable:2.0.20=kotlinBuildToolsApiClasspath,kotlinCompilerPluginClasspathMain,kotlinCompilerPluginClasspathTest
org.jetbrains.kotlin:kotlin-scripting-jvm:2.0.20=kotlinBuildToolsApiClasspath,kotlinCompilerPluginClasspathMain,kotlinCompilerPluginClasspathTest
org.jetbrains.kotlin:kotlin-stdlib-common:2.0.20=runtimeClasspath,testRuntimeClasspath
org.jetbrains.kotlin:kotlin-stdlib-jdk7:1.8.0=runtimeClasspath,testRuntimeClasspath
org.jetbrains.kotlin:kotlin-stdlib-jdk8:1.8.0=runtimeClasspath,testRuntimeClasspath
org.jetbrains.kotlin:kotlin-stdlib:1.9.24=compileOnlyDependenciesMetadata,embeddedKotlin
org.jetbrains.kotlin:kotlin-stdlib:2.0.0=dependencySources,testDependencySources
org.jetbrains.kotlin:kotlin-stdlib:2.0.20=compileClasspath,implementationDependenciesMetadata,kotlinBuildToolsApiClasspath,kotlinCompilerClasspath,kotlinCompilerPluginClasspathMain,kotlinCompilerPluginClasspathTest,kotlinKlibCommonizerClasspath,runtimeClasspath,testCompileClasspath,testImplementationDependenciesMetadata,testRuntimeClasspath
org.jetbrains.kotlinx:kotlinx-coroutines-core-jvm:1.6.4=kotlinBuildToolsApiClasspath,kotlinCompilerClasspath,kotlinKlibCommonizerClasspath
org.jetbrains.kotlinx:kotlinx-html-jvm:0.8.1=runtimeClasspath,testRuntimeClasspath
org.jetbrains.kotlinx:kotlinx-serialization-core-jvm:1.4.1=runtimeClasspath,testRuntimeClasspath
org.jetbrains.kotlinx:kotlinx-serialization-core:1.4.1=runtimeClasspath,testRuntimeClasspath
org.jetbrains.kotlinx:kotlinx-serialization-json-jvm:1.4.1=runtimeClasspath,testRuntimeClasspath
org.jetbrains.kotlinx:kotlinx-serialization-json:1.4.1=runtimeClasspath,testRuntimeClasspath
org.jetbrains:annotations:13.0=compileClasspath,embeddedKotlin,kotlinBuildToolsApiClasspath,kotlinCompilerClasspath,kotlinCompilerPluginClasspathMain,kotlinCompilerPluginClasspathTest,kotlinKlibCommonizerClasspath,runtimeClasspath,testCompileClasspath,testRuntimeClasspath
org.snakeyaml:snakeyaml-engine:2.7=runtimeClasspath,testRuntimeClasspath
empty=annotationProcessor,apiDependenciesMetadata,intransitiveDependenciesMetadata,kotlinCompilerPluginClasspath,kotlinNativeCompilerPluginClasspath,kotlinScriptDef,kotlinScriptDefExtensions,testAnnotationProcessor,testApiDependenciesMetadata,testCompileOnlyDependenciesMetadata,testIntransitiveDependenciesMetadata,testKotlinScriptDef,testKotlinScriptDefExtensions
